
Microsoft Visual Studio Solution File, Format Version 12.00
# Visual Studio 15
VisualStudioVersion = 15.0.27130.2036
MinimumVisualStudioVersion = 10.0.40219.1
Project("{FAE04EC0-301F-11D3-BF4B-00C04F79EFBC}") = "ChurchResourceManagerWeb", "ChurchResourceManagerWeb\ChurchResourceManagerWeb.csproj", "{0DCC3283-C240-4051-BD0C-C32E77B1879F}"
EndProject
Project("{FAE04EC0-301F-11D3-BF4B-00C04F79EFBC}") = "ChurchResourceManagerWeb.Tests", "ChurchResourceManager.Tests\ChurchResourceManagerWeb.Tests.csproj", "{9B6DF840-865A-4E3F-8C76-0E652F6BBE47}"
EndProject
Global
	GlobalSection(SolutionConfigurationPlatforms) = preSolution
		Debug|Any CPU = Debug|Any CPU
		Release|Any CPU = Release|Any CPU
	EndGlobalSection
	GlobalSection(ProjectConfigurationPlatforms) = postSolution
		{0DCC3283-C240-4051-BD0C-C32E77B1879F}.Debug|Any CPU.ActiveCfg = Debug|Any CPU
		{0DCC3283-C240-4051-BD0C-C32E77B1879F}.Debug|Any CPU.Build.0 = Debug|Any CPU
		{0DCC3283-C240-4051-BD0C-C32E77B1879F}.Release|Any CPU.ActiveCfg = Release|Any CPU
		{0DCC3283-C240-4051-BD0C-C32E77B1879F}.Release|Any CPU.Build.0 = Release|Any CPU
		{9B6DF840-865A-4E3F-8C76-0E652F6BBE47}.Debug|Any CPU.ActiveCfg = Debug|Any CPU
		{9B6DF840-865A-4E3F-8C76-0E652F6BBE47}.Debug|Any CPU.Build.0 = Debug|Any CPU
		{9B6DF840-865A-4E3F-8C76-0E652F6BBE47}.Release|Any CPU.ActiveCfg = Release|Any CPU
		{9B6DF840-865A-4E3F-8C76-0E652F6BBE47}.Release|Any CPU.Build.0 = Release|Any CPU
	EndGlobalSection
	GlobalSection(SolutionProperties) = preSolution
		HideSolutionNode = FALSE
	EndGlobalSection
	GlobalSection(ExtensibilityGlobals) = postSolution
		SolutionGuid = {A8B708E2-12F4-478E-8FA8-8652C3EF62BE}
	EndGlobalSection
EndGlobal
